
Microsoft Visual Studio Solution File, Format Version 12.00
# Visual Studio Version 17
VisualStudioVersion = 17.8.34525.116
MinimumVisualStudioVersion = 10.0.40219.1
Project("{9A19103F-16F7-4668-BE54-9A1E7A4F7556}") = "PeliculasAPI", "PeliculasAPI\PeliculasAPI.csproj", "{30AD4D48-0B77-42EA-BC51-98F5425AA439}"
EndProject
Project("{FAE04EC0-301F-11D3-BF4B-00C04F79EFBC}") = "PeliculasAPITest", "PeliculasAPITest\PeliculasAPITest.csproj", "{C4759CDE-7F3B-49D7-99D8-E320A79C2819}"
EndProject
Global
	GlobalSection(SolutionConfigurationPlatforms) = preSolution
		Debug|Any CPU = Debug|Any CPU
		Release|Any CPU = Release|Any CPU
	EndGlobalSection
	GlobalSection(ProjectConfigurationPlatforms) = postSolution
		{30AD4D48-0B77-42EA-BC51-98F5425AA439}.Debug|Any CPU.ActiveCfg = Debug|Any CPU
		{30AD4D48-0B77-42EA-BC51-98F5425AA439}.Debug|Any CPU.Build.0 = Debug|Any CPU
		{30AD4D48-0B77-42EA-BC51-98F5425AA439}.Release|Any CPU.ActiveCfg = Release|Any CPU
		{30AD4D48-0B77-42EA-BC51-98F5425AA439}.Release|Any CPU.Build.0 = Release|Any CPU
		{C4759CDE-7F3B-49D7-99D8-E320A79C2819}.Debug|Any CPU.ActiveCfg = Debug|Any CPU
		{C4759CDE-7F3B-49D7-99D8-E320A79C2819}.Debug|Any CPU.Build.0 = Debug|Any CPU
		{C4759CDE-7F3B-49D7-99D8-E320A79C2819}.Release|Any CPU.ActiveCfg = Release|Any CPU
		{C4759CDE-7F3B-49D7-99D8-E320A79C2819}.Release|Any CPU.Build.0 = Release|Any CPU
	EndGlobalSection
	GlobalSection(SolutionProperties) = preSolution
		HideSolutionNode = FALSE
	EndGlobalSection
	GlobalSection(ExtensibilityGlobals) = postSolution
		SolutionGuid = {4C244B51-8FFE-458F-8CC0-C34DDBB3DDF0}
	EndGlobalSection
EndGlobal
